
Microsoft Visual Studio Solution File, Format Version 12.00
# Visual Studio Version 17
VisualStudioVersion = 17.0.31919.166
MinimumVisualStudioVersion = 15.0.26124.0
Project("{9A19103F-16F7-4668-BE54-9A1E7A4F7556}") = "NetDaemon.HassModel", "src\HassModel\NetDaemon.HassModel\NetDaemon.HassModel.csproj", "{3C2E37A3-4669-4CF5-9D6C-D68FD2034642}"
EndProject
Project("{2150E333-8FDC-42A3-9474-1A3956D46DE8}") = "HassModel", "HassModel", "{1D0125A6-DDC5-43C1-AAD7-7BFE14AD863F}"
EndProject
Project("{9A19103F-16F7-4668-BE54-9A1E7A4F7556}") = "NetDaemon.HassModel.Tests", "src\HassModel\NetDaemon.HassModel.Tests\NetDaemon.HassModel.Tests.csproj", "{ED06E300-F256-4BD9-B2FF-BBA0FF8C2461}"
EndProject
Project("{9A19103F-16F7-4668-BE54-9A1E7A4F7556}") = "NetDaemon.HassModel.CodeGenerator", "src\HassModel\NetDaemon.HassModel.CodeGenerator\NetDaemon.HassModel.CodeGenerator.csproj", "{A2F2FDA3-A0E9-4D55-B31A-6C7BBD1800C3}"
EndProject
Project("{2150E333-8FDC-42A3-9474-1A3956D46DE8}") = "Extensions", "Extensions", "{DFF3E7AA-7A50-4A1E-B3F8-EC01531FB83D}"
EndProject
Project("{9A19103F-16F7-4668-BE54-9A1E7A4F7556}") = "NetDaemon.Extensions.Scheduling", "src\Extensions\NetDaemon.Extensions.Scheduling\NetDaemon.Extensions.Scheduling.csproj", "{7FC1251D-FCDD-4EE5-8A74-320A3CA71C5D}"
EndProject
Project("{9A19103F-16F7-4668-BE54-9A1E7A4F7556}") = "NetDaemon.Extensions.Scheduling.Tests", "src\Extensions\NetDaemon.Extensions.Scheduling.Tests\NetDaemon.Extensions.Scheduling.Tests.csproj", "{BFAE3553-6D94-41CF-8101-FA06C884DC3E}"
EndProject
Project("{2150E333-8FDC-42A3-9474-1A3956D46DE8}") = "Client", "Client", "{A19E5F39-BA51-4B5C-BDF3-7A8F993FA0A4}"
EndProject
Project("{9A19103F-16F7-4668-BE54-9A1E7A4F7556}") = "NetDaemon.Client", "src\Client\NetDaemon.HassClient\NetDaemon.Client.csproj", "{54EAE8E1-2F84-48F5-B3C1-E9D954651B68}"
EndProject
Project("{9A19103F-16F7-4668-BE54-9A1E7A4F7556}") = "NetDaemon.HassClient.Tests", "src\Client\NetDaemon.HassClient.Tests\NetDaemon.HassClient.Tests.csproj", "{C4E04655-0E97-493C-800F-FC557796AD5F}"
EndProject
Project("{9A19103F-16F7-4668-BE54-9A1E7A4F7556}") = "NetDaemon.HassClient.Debug", "src\Client\NetDaemon.HassClient.Debug\NetDaemon.HassClient.Debug.csproj", "{73D479E7-DB0C-47FF-8339-54BBE329F289}"
EndProject
Project("{9A19103F-16F7-4668-BE54-9A1E7A4F7556}") = "NetDaemon.HassModel.Integration", "src\HassModel\NetDaemon.HassModel.Integration\NetDaemon.HassModel.Integration.csproj", "{BF89F7AA-3E0C-498F-866E-3242CAB102D8}"
EndProject
Project("{2150E333-8FDC-42A3-9474-1A3956D46DE8}") = "AppModel", "AppModel", "{A62F78F8-2EF5-49C8-B437-E5FC6321E866}"
EndProject
Project("{9A19103F-16F7-4668-BE54-9A1E7A4F7556}") = "NetDaemon.AppModel", "src\AppModel\NetDaemon.AppModel\NetDaemon.AppModel.csproj", "{1711D929-6325-4FC5-A1FA-8417F37AD047}"
EndProject
Project("{9A19103F-16F7-4668-BE54-9A1E7A4F7556}") = "NetDaemon.AppModel.Tests", "src\AppModel\NetDaemon.AppModel.Tests\NetDaemon.AppModel.Tests.csproj", "{A69C88D8-3B52-4C6B-A664-15C41591251D}"
EndProject
Project("{2150E333-8FDC-42A3-9474-1A3956D46DE8}") = "Runtime", "Runtime", "{8F8846B8-BD99-4855-96EA-392E012C4421}"
EndProject
Project("{9A19103F-16F7-4668-BE54-9A1E7A4F7556}") = "NetDaemon.Runtime", "src\Runtime\NetDaemon.Runtime\NetDaemon.Runtime.csproj", "{5F9E3110-C56F-4069-B4A6-04C1EE73CDEA}"
EndProject
Project("{9A19103F-16F7-4668-BE54-9A1E7A4F7556}") = "NetDaemon.Host.Default", "src\Host\NetDaemon.Host.Default\NetDaemon.Host.Default.csproj", "{DA86C13F-E31D-412E-94E6-B59F4AC0465D}"
EndProject
Project("{2150E333-8FDC-42A3-9474-1A3956D46DE8}") = "Host", "Host", "{A6D03AB9-6C8E-42BE-ACF6-7FA6A1C539C2}"
EndProject
Project("{9A19103F-16F7-4668-BE54-9A1E7A4F7556}") = "NetDaemon.Runtime.Tests", "src\Runtime\NetDaemon.Runtime.Tests\NetDaemon.Runtime.Tests.csproj", "{966C5143-7667-4E85-B7E3-336F7C28549F}"
EndProject
Project("{2150E333-8FDC-42A3-9474-1A3956D46DE8}") = "Debug", "Debug", "{E15D4280-7FFC-4F8B-9B8C-CF9AF2BF838C}"
EndProject
Project("{9A19103F-16F7-4668-BE54-9A1E7A4F7556}") = "DebugHost", "src\debug\DebugHost\DebugHost.csproj", "{898966EA-F814-4B7B-9A3D-5E78C38174B2}"
EndProject
Project("{9A19103F-16F7-4668-BE54-9A1E7A4F7556}") = "NetDaemon.Extensions.Logging", "src\Extensions\NetDaemon.Extensions.Logging\NetDaemon.Extensions.Logging.csproj", "{00333EBA-DB52-4D56-ADF7-940FB533E530}"
EndProject
Project("{9A19103F-16F7-4668-BE54-9A1E7A4F7556}") = "NetDaemon.Extensions.Tts", "src\Extensions\NetDaemon.Extensions.Tts\NetDaemon.Extensions.Tts.csproj", "{F4B29B77-9B92-4037-A884-288CA5EF0B78}"
EndProject
Project("{9A19103F-16F7-4668-BE54-9A1E7A4F7556}") = "NetDaemon.Extensions.MqttEntityManager", "src\Extensions\NetDaemon.Extensions.MqttEntityManager\NetDaemon.Extensions.MqttEntityManager.csproj", "{3EB8C461-C91E-4900-BFBD-0986CBBE87A6}"
EndProject
Project("{FAE04EC0-301F-11D3-BF4B-00C04F79EFBC}") = "DebugWebHost", "src\debug\DebugWebHost\DebugWebHost.csproj", "{AEBC7828-7C19-4A86-B6E2-58B5171347B1}"
EndProject
Project("{FAE04EC0-301F-11D3-BF4B-00C04F79EFBC}") = "NetDaemon.Tests.Integration", "tests\Integration\NetDaemon.Tests.Integration\NetDaemon.Tests.Integration.csproj", "{9B6A778A-A2D6-43A6-9FED-8D5B2BC18514}"
EndProject
Project("{FAE04EC0-301F-11D3-BF4B-00C04F79EFBC}") = "MyLibrary", "src\debug\MyLibrary\MyLibrary.csproj", "{CF7273C1-A4FE-4598-9C99-D746CE279A32}"
EndProject
Project("{2150E333-8FDC-42A3-9474-1A3956D46DE8}") = "Solution Items", "Solution Items", "{0710DAED-70D8-49B5-AA1E-B4494F4C6599}"
	ProjectSection(SolutionItems) = preProject
		.editorconfig = .editorconfig
		Directory.Build.props = Directory.Build.props
	EndProjectSection
EndProject
Project("{FAE04EC0-301F-11D3-BF4B-00C04F79EFBC}") = "NetDaemon.AppModel.SourceDeployedApps", "src\AppModel\NetDaemon.AppModel.SourceDeployedApps\NetDaemon.AppModel.SourceDeployedApps.csproj", "{AE48B790-C3D7-440E-945E-EE5C82AE2A86}"
EndProject
Global
	GlobalSection(SolutionConfigurationPlatforms) = preSolution
		Debug|Any CPU = Debug|Any CPU
		Debug|x64 = Debug|x64
		Debug|x86 = Debug|x86
		Release|Any CPU = Release|Any CPU
		Release|x64 = Release|x64
		Release|x86 = Release|x86
	EndGlobalSection
	GlobalSection(ProjectConfigurationPlatforms) = postSolution
		{3C2E37A3-4669-4CF5-9D6C-D68FD2034642}.Debug|Any CPU.ActiveCfg = Debug|Any CPU
		{3C2E37A3-4669-4CF5-9D6C-D68FD2034642}.Debug|Any CPU.Build.0 = Debug|Any CPU
		{3C2E37A3-4669-4CF5-9D6C-D68FD2034642}.Debug|x64.ActiveCfg = Debug|Any CPU
		{3C2E37A3-4669-4CF5-9D6C-D68FD2034642}.Debug|x64.Build.0 = Debug|Any CPU
		{3C2E37A3-4669-4CF5-9D6C-D68FD2034642}.Debug|x86.ActiveCfg = Debug|Any CPU
		{3C2E37A3-4669-4CF5-9D6C-D68FD2034642}.Debug|x86.Build.0 = Debug|Any CPU
		{3C2E37A3-4669-4CF5-9D6C-D68FD2034642}.Release|Any CPU.ActiveCfg = Release|Any CPU
		{3C2E37A3-4669-4CF5-9D6C-D68FD2034642}.Release|Any CPU.Build.0 = Release|Any CPU
		{3C2E37A3-4669-4CF5-9D6C-D68FD2034642}.Release|x64.ActiveCfg = Release|Any CPU
		{3C2E37A3-4669-4CF5-9D6C-D68FD2034642}.Release|x64.Build.0 = Release|Any CPU
		{3C2E37A3-4669-4CF5-9D6C-D68FD2034642}.Release|x86.ActiveCfg = Release|Any CPU
		{3C2E37A3-4669-4CF5-9D6C-D68FD2034642}.Release|x86.Build.0 = Release|Any CPU
		{ED06E300-F256-4BD9-B2FF-BBA0FF8C2461}.Debug|Any CPU.ActiveCfg = Debug|Any CPU
		{ED06E300-F256-4BD9-B2FF-BBA0FF8C2461}.Debug|Any CPU.Build.0 = Debug|Any CPU
		{ED06E300-F256-4BD9-B2FF-BBA0FF8C2461}.Debug|x64.ActiveCfg = Debug|Any CPU
		{ED06E300-F256-4BD9-B2FF-BBA0FF8C2461}.Debug|x64.Build.0 = Debug|Any CPU
		{ED06E300-F256-4BD9-B2FF-BBA0FF8C2461}.Debug|x86.ActiveCfg = Debug|Any CPU
		{ED06E300-F256-4BD9-B2FF-BBA0FF8C2461}.Debug|x86.Build.0 = Debug|Any CPU
		{ED06E300-F256-4BD9-B2FF-BBA0FF8C2461}.Release|Any CPU.ActiveCfg = Release|Any CPU
		{ED06E300-F256-4BD9-B2FF-BBA0FF8C2461}.Release|Any CPU.Build.0 = Release|Any CPU
		{ED06E300-F256-4BD9-B2FF-BBA0FF8C2461}.Release|x64.ActiveCfg = Release|Any CPU
		{ED06E300-F256-4BD9-B2FF-BBA0FF8C2461}.Release|x64.Build.0 = Release|Any CPU
		{ED06E300-F256-4BD9-B2FF-BBA0FF8C2461}.Release|x86.ActiveCfg = Release|Any CPU
		{ED06E300-F256-4BD9-B2FF-BBA0FF8C2461}.Release|x86.Build.0 = Release|Any CPU
		{A2F2FDA3-A0E9-4D55-B31A-6C7BBD1800C3}.Debug|Any CPU.ActiveCfg = Debug|Any CPU
		{A2F2FDA3-A0E9-4D55-B31A-6C7BBD1800C3}.Debug|Any CPU.Build.0 = Debug|Any CPU
		{A2F2FDA3-A0E9-4D55-B31A-6C7BBD1800C3}.Debug|x64.ActiveCfg = Debug|Any CPU
		{A2F2FDA3-A0E9-4D55-B31A-6C7BBD1800C3}.Debug|x64.Build.0 = Debug|Any CPU
		{A2F2FDA3-A0E9-4D55-B31A-6C7BBD1800C3}.Debug|x86.ActiveCfg = Debug|Any CPU
		{A2F2FDA3-A0E9-4D55-B31A-6C7BBD1800C3}.Debug|x86.Build.0 = Debug|Any CPU
		{A2F2FDA3-A0E9-4D55-B31A-6C7BBD1800C3}.Release|Any CPU.ActiveCfg = Release|Any CPU
		{A2F2FDA3-A0E9-4D55-B31A-6C7BBD1800C3}.Release|Any CPU.Build.0 = Release|Any CPU
		{A2F2FDA3-A0E9-4D55-B31A-6C7BBD1800C3}.Release|x64.ActiveCfg = Release|Any CPU
		{A2F2FDA3-A0E9-4D55-B31A-6C7BBD1800C3}.Release|x64.Build.0 = Release|Any CPU
		{A2F2FDA3-A0E9-4D55-B31A-6C7BBD1800C3}.Release|x86.ActiveCfg = Release|Any CPU
		{A2F2FDA3-A0E9-4D55-B31A-6C7BBD1800C3}.Release|x86.Build.0 = Release|Any CPU
		{7FC1251D-FCDD-4EE5-8A74-320A3CA71C5D}.Debug|Any CPU.ActiveCfg = Debug|Any CPU
		{7FC1251D-FCDD-4EE5-8A74-320A3CA71C5D}.Debug|Any CPU.Build.0 = Debug|Any CPU
		{7FC1251D-FCDD-4EE5-8A74-320A3CA71C5D}.Debug|x64.ActiveCfg = Debug|Any CPU
		{7FC1251D-FCDD-4EE5-8A74-320A3CA71C5D}.Debug|x64.Build.0 = Debug|Any CPU
		{7FC1251D-FCDD-4EE5-8A74-320A3CA71C5D}.Debug|x86.ActiveCfg = Debug|Any CPU
		{7FC1251D-FCDD-4EE5-8A74-320A3CA71C5D}.Debug|x86.Build.0 = Debug|Any CPU
		{7FC1251D-FCDD-4EE5-8A74-320A3CA71C5D}.Release|Any CPU.ActiveCfg = Release|Any CPU
		{7FC1251D-FCDD-4EE5-8A74-320A3CA71C5D}.Release|Any CPU.Build.0 = Release|Any CPU
		{7FC1251D-FCDD-4EE5-8A74-320A3CA71C5D}.Release|x64.ActiveCfg = Release|Any CPU
		{7FC1251D-FCDD-4EE5-8A74-320A3CA71C5D}.Release|x64.Build.0 = Release|Any CPU
		{7FC1251D-FCDD-4EE5-8A74-320A3CA71C5D}.Release|x86.ActiveCfg = Release|Any CPU
		{7FC1251D-FCDD-4EE5-8A74-320A3CA71C5D}.Release|x86.Build.0 = Release|Any CPU
		{BFAE3553-6D94-41CF-8101-FA06C884DC3E}.Debug|Any CPU.ActiveCfg = Debug|Any CPU
		{BFAE3553-6D94-41CF-8101-FA06C884DC3E}.Debug|Any CPU.Build.0 = Debug|Any CPU
		{BFAE3553-6D94-41CF-8101-FA06C884DC3E}.Debug|x64.ActiveCfg = Debug|Any CPU
		{BFAE3553-6D94-41CF-8101-FA06C884DC3E}.Debug|x64.Build.0 = Debug|Any CPU
		{BFAE3553-6D94-41CF-8101-FA06C884DC3E}.Debug|x86.ActiveCfg = Debug|Any CPU
		{BFAE3553-6D94-41CF-8101-FA06C884DC3E}.Debug|x86.Build.0 = Debug|Any CPU
		{BFAE3553-6D94-41CF-8101-FA06C884DC3E}.Release|Any CPU.ActiveCfg = Release|Any CPU
		{BFAE3553-6D94-41CF-8101-FA06C884DC3E}.Release|Any CPU.Build.0 = Release|Any CPU
		{BFAE3553-6D94-41CF-8101-FA06C884DC3E}.Release|x64.ActiveCfg = Release|Any CPU
		{BFAE3553-6D94-41CF-8101-FA06C884DC3E}.Release|x64.Build.0 = Release|Any CPU
		{BFAE3553-6D94-41CF-8101-FA06C884DC3E}.Release|x86.ActiveCfg = Release|Any CPU
		{BFAE3553-6D94-41CF-8101-FA06C884DC3E}.Release|x86.Build.0 = Release|Any CPU
		{54EAE8E1-2F84-48F5-B3C1-E9D954651B68}.Debug|Any CPU.ActiveCfg = Debug|Any CPU
		{54EAE8E1-2F84-48F5-B3C1-E9D954651B68}.Debug|Any CPU.Build.0 = Debug|Any CPU
		{54EAE8E1-2F84-48F5-B3C1-E9D954651B68}.Debug|x64.ActiveCfg = Debug|Any CPU
		{54EAE8E1-2F84-48F5-B3C1-E9D954651B68}.Debug|x64.Build.0 = Debug|Any CPU
		{54EAE8E1-2F84-48F5-B3C1-E9D954651B68}.Debug|x86.ActiveCfg = Debug|Any CPU
		{54EAE8E1-2F84-48F5-B3C1-E9D954651B68}.Debug|x86.Build.0 = Debug|Any CPU
		{54EAE8E1-2F84-48F5-B3C1-E9D954651B68}.Release|Any CPU.ActiveCfg = Release|Any CPU
		{54EAE8E1-2F84-48F5-B3C1-E9D954651B68}.Release|Any CPU.Build.0 = Release|Any CPU
		{54EAE8E1-2F84-48F5-B3C1-E9D954651B68}.Release|x64.ActiveCfg = Release|Any CPU
		{54EAE8E1-2F84-48F5-B3C1-E9D954651B68}.Release|x64.Build.0 = Release|Any CPU
		{54EAE8E1-2F84-48F5-B3C1-E9D954651B68}.Release|x86.ActiveCfg = Release|Any CPU
		{54EAE8E1-2F84-48F5-B3C1-E9D954651B68}.Release|x86.Build.0 = Release|Any CPU
		{C4E04655-0E97-493C-800F-FC557796AD5F}.Debug|Any CPU.ActiveCfg = Debug|Any CPU
		{C4E04655-0E97-493C-800F-FC557796AD5F}.Debug|Any CPU.Build.0 = Debug|Any CPU
		{C4E04655-0E97-493C-800F-FC557796AD5F}.Debug|x64.ActiveCfg = Debug|Any CPU
		{C4E04655-0E97-493C-800F-FC557796AD5F}.Debug|x64.Build.0 = Debug|Any CPU
		{C4E04655-0E97-493C-800F-FC557796AD5F}.Debug|x86.ActiveCfg = Debug|Any CPU
		{C4E04655-0E97-493C-800F-FC557796AD5F}.Debug|x86.Build.0 = Debug|Any CPU
		{C4E04655-0E97-493C-800F-FC557796AD5F}.Release|Any CPU.ActiveCfg = Release|Any CPU
		{C4E04655-0E97-493C-800F-FC557796AD5F}.Release|Any CPU.Build.0 = Release|Any CPU
		{C4E04655-0E97-493C-800F-FC557796AD5F}.Release|x64.ActiveCfg = Release|Any CPU
		{C4E04655-0E97-493C-800F-FC557796AD5F}.Release|x64.Build.0 = Release|Any CPU
		{C4E04655-0E97-493C-800F-FC557796AD5F}.Release|x86.ActiveCfg = Release|Any CPU
		{C4E04655-0E97-493C-800F-FC557796AD5F}.Release|x86.Build.0 = Release|Any CPU
		{73D479E7-DB0C-47FF-8339-54BBE329F289}.Debug|Any CPU.ActiveCfg = Debug|Any CPU
		{73D479E7-DB0C-47FF-8339-54BBE329F289}.Debug|Any CPU.Build.0 = Debug|Any CPU
		{73D479E7-DB0C-47FF-8339-54BBE329F289}.Debug|x64.ActiveCfg = Debug|Any CPU
		{73D479E7-DB0C-47FF-8339-54BBE329F289}.Debug|x64.Build.0 = Debug|Any CPU
		{73D479E7-DB0C-47FF-8339-54BBE329F289}.Debug|x86.ActiveCfg = Debug|Any CPU
		{73D479E7-DB0C-47FF-8339-54BBE329F289}.Debug|x86.Build.0 = Debug|Any CPU
		{73D479E7-DB0C-47FF-8339-54BBE329F289}.Release|Any CPU.ActiveCfg = Release|Any CPU
		{73D479E7-DB0C-47FF-8339-54BBE329F289}.Release|Any CPU.Build.0 = Release|Any CPU
		{73D479E7-DB0C-47FF-8339-54BBE329F289}.Release|x64.ActiveCfg = Release|Any CPU
		{73D479E7-DB0C-47FF-8339-54BBE329F289}.Release|x64.Build.0 = Release|Any CPU
		{73D479E7-DB0C-47FF-8339-54BBE329F289}.Release|x86.ActiveCfg = Release|Any CPU
		{73D479E7-DB0C-47FF-8339-54BBE329F289}.Release|x86.Build.0 = Release|Any CPU
		{BF89F7AA-3E0C-498F-866E-3242CAB102D8}.Debug|Any CPU.ActiveCfg = Debug|Any CPU
		{BF89F7AA-3E0C-498F-866E-3242CAB102D8}.Debug|Any CPU.Build.0 = Debug|Any CPU
		{BF89F7AA-3E0C-498F-866E-3242CAB102D8}.Debug|x64.ActiveCfg = Debug|Any CPU
		{BF89F7AA-3E0C-498F-866E-3242CAB102D8}.Debug|x64.Build.0 = Debug|Any CPU
		{BF89F7AA-3E0C-498F-866E-3242CAB102D8}.Debug|x86.ActiveCfg = Debug|Any CPU
		{BF89F7AA-3E0C-498F-866E-3242CAB102D8}.Debug|x86.Build.0 = Debug|Any CPU
		{BF89F7AA-3E0C-498F-866E-3242CAB102D8}.Release|Any CPU.ActiveCfg = Release|Any CPU
		{BF89F7AA-3E0C-498F-866E-3242CAB102D8}.Release|Any CPU.Build.0 = Release|Any CPU
		{BF89F7AA-3E0C-498F-866E-3242CAB102D8}.Release|x64.ActiveCfg = Release|Any CPU
		{BF89F7AA-3E0C-498F-866E-3242CAB102D8}.Release|x64.Build.0 = Release|Any CPU
		{BF89F7AA-3E0C-498F-866E-3242CAB102D8}.Release|x86.ActiveCfg = Release|Any CPU
		{BF89F7AA-3E0C-498F-866E-3242CAB102D8}.Release|x86.Build.0 = Release|Any CPU
		{1711D929-6325-4FC5-A1FA-8417F37AD047}.Debug|Any CPU.ActiveCfg = Debug|Any CPU
		{1711D929-6325-4FC5-A1FA-8417F37AD047}.Debug|Any CPU.Build.0 = Debug|Any CPU
		{1711D929-6325-4FC5-A1FA-8417F37AD047}.Debug|x64.ActiveCfg = Debug|Any CPU
		{1711D929-6325-4FC5-A1FA-8417F37AD047}.Debug|x64.Build.0 = Debug|Any CPU
		{1711D929-6325-4FC5-A1FA-8417F37AD047}.Debug|x86.ActiveCfg = Debug|Any CPU
		{1711D929-6325-4FC5-A1FA-8417F37AD047}.Debug|x86.Build.0 = Debug|Any CPU
		{1711D929-6325-4FC5-A1FA-8417F37AD047}.Release|Any CPU.ActiveCfg = Release|Any CPU
		{1711D929-6325-4FC5-A1FA-8417F37AD047}.Release|Any CPU.Build.0 = Release|Any CPU
		{1711D929-6325-4FC5-A1FA-8417F37AD047}.Release|x64.ActiveCfg = Release|Any CPU
		{1711D929-6325-4FC5-A1FA-8417F37AD047}.Release|x64.Build.0 = Release|Any CPU
		{1711D929-6325-4FC5-A1FA-8417F37AD047}.Release|x86.ActiveCfg = Release|Any CPU
		{1711D929-6325-4FC5-A1FA-8417F37AD047}.Release|x86.Build.0 = Release|Any CPU
		{A69C88D8-3B52-4C6B-A664-15C41591251D}.Debug|Any CPU.ActiveCfg = Debug|Any CPU
		{A69C88D8-3B52-4C6B-A664-15C41591251D}.Debug|Any CPU.Build.0 = Debug|Any CPU
		{A69C88D8-3B52-4C6B-A664-15C41591251D}.Debug|x64.ActiveCfg = Debug|Any CPU
		{A69C88D8-3B52-4C6B-A664-15C41591251D}.Debug|x64.Build.0 = Debug|Any CPU
		{A69C88D8-3B52-4C6B-A664-15C41591251D}.Debug|x86.ActiveCfg = Debug|Any CPU
		{A69C88D8-3B52-4C6B-A664-15C41591251D}.Debug|x86.Build.0 = Debug|Any CPU
		{A69C88D8-3B52-4C6B-A664-15C41591251D}.Release|Any CPU.ActiveCfg = Release|Any CPU
		{A69C88D8-3B52-4C6B-A664-15C41591251D}.Release|Any CPU.Build.0 = Release|Any CPU
		{A69C88D8-3B52-4C6B-A664-15C41591251D}.Release|x64.ActiveCfg = Release|Any CPU
		{A69C88D8-3B52-4C6B-A664-15C41591251D}.Release|x64.Build.0 = Release|Any CPU
		{A69C88D8-3B52-4C6B-A664-15C41591251D}.Release|x86.ActiveCfg = Release|Any CPU
		{A69C88D8-3B52-4C6B-A664-15C41591251D}.Release|x86.Build.0 = Release|Any CPU
		{5F9E3110-C56F-4069-B4A6-04C1EE73CDEA}.Debug|Any CPU.ActiveCfg = Debug|Any CPU
		{5F9E3110-C56F-4069-B4A6-04C1EE73CDEA}.Debug|Any CPU.Build.0 = Debug|Any CPU
		{5F9E3110-C56F-4069-B4A6-04C1EE73CDEA}.Debug|x64.ActiveCfg = Debug|Any CPU
		{5F9E3110-C56F-4069-B4A6-04C1EE73CDEA}.Debug|x64.Build.0 = Debug|Any CPU
		{5F9E3110-C56F-4069-B4A6-04C1EE73CDEA}.Debug|x86.ActiveCfg = Debug|Any CPU
		{5F9E3110-C56F-4069-B4A6-04C1EE73CDEA}.Debug|x86.Build.0 = Debug|Any CPU
		{5F9E3110-C56F-4069-B4A6-04C1EE73CDEA}.Release|Any CPU.ActiveCfg = Release|Any CPU
		{5F9E3110-C56F-4069-B4A6-04C1EE73CDEA}.Release|Any CPU.Build.0 = Release|Any CPU
		{5F9E3110-C56F-4069-B4A6-04C1EE73CDEA}.Release|x64.ActiveCfg = Release|Any CPU
		{5F9E3110-C56F-4069-B4A6-04C1EE73CDEA}.Release|x64.Build.0 = Release|Any CPU
		{5F9E3110-C56F-4069-B4A6-04C1EE73CDEA}.Release|x86.ActiveCfg = Release|Any CPU
		{5F9E3110-C56F-4069-B4A6-04C1EE73CDEA}.Release|x86.Build.0 = Release|Any CPU
		{DA86C13F-E31D-412E-94E6-B59F4AC0465D}.Debug|Any CPU.ActiveCfg = Debug|Any CPU
		{DA86C13F-E31D-412E-94E6-B59F4AC0465D}.Debug|Any CPU.Build.0 = Debug|Any CPU
		{DA86C13F-E31D-412E-94E6-B59F4AC0465D}.Debug|x64.ActiveCfg = Debug|Any CPU
		{DA86C13F-E31D-412E-94E6-B59F4AC0465D}.Debug|x64.Build.0 = Debug|Any CPU
		{DA86C13F-E31D-412E-94E6-B59F4AC0465D}.Debug|x86.ActiveCfg = Debug|Any CPU
		{DA86C13F-E31D-412E-94E6-B59F4AC0465D}.Debug|x86.Build.0 = Debug|Any CPU
		{DA86C13F-E31D-412E-94E6-B59F4AC0465D}.Release|Any CPU.ActiveCfg = Release|Any CPU
		{DA86C13F-E31D-412E-94E6-B59F4AC0465D}.Release|Any CPU.Build.0 = Release|Any CPU
		{DA86C13F-E31D-412E-94E6-B59F4AC0465D}.Release|x64.ActiveCfg = Release|Any CPU
		{DA86C13F-E31D-412E-94E6-B59F4AC0465D}.Release|x64.Build.0 = Release|Any CPU
		{DA86C13F-E31D-412E-94E6-B59F4AC0465D}.Release|x86.ActiveCfg = Release|Any CPU
		{DA86C13F-E31D-412E-94E6-B59F4AC0465D}.Release|x86.Build.0 = Release|Any CPU
		{966C5143-7667-4E85-B7E3-336F7C28549F}.Debug|Any CPU.ActiveCfg = Debug|Any CPU
		{966C5143-7667-4E85-B7E3-336F7C28549F}.Debug|Any CPU.Build.0 = Debug|Any CPU
		{966C5143-7667-4E85-B7E3-336F7C28549F}.Debug|x64.ActiveCfg = Debug|Any CPU
		{966C5143-7667-4E85-B7E3-336F7C28549F}.Debug|x64.Build.0 = Debug|Any CPU
		{966C5143-7667-4E85-B7E3-336F7C28549F}.Debug|x86.ActiveCfg = Debug|Any CPU
		{966C5143-7667-4E85-B7E3-336F7C28549F}.Debug|x86.Build.0 = Debug|Any CPU
		{966C5143-7667-4E85-B7E3-336F7C28549F}.Release|Any CPU.ActiveCfg = Release|Any CPU
		{966C5143-7667-4E85-B7E3-336F7C28549F}.Release|Any CPU.Build.0 = Release|Any CPU
		{966C5143-7667-4E85-B7E3-336F7C28549F}.Release|x64.ActiveCfg = Release|Any CPU
		{966C5143-7667-4E85-B7E3-336F7C28549F}.Release|x64.Build.0 = Release|Any CPU
		{966C5143-7667-4E85-B7E3-336F7C28549F}.Release|x86.ActiveCfg = Release|Any CPU
		{966C5143-7667-4E85-B7E3-336F7C28549F}.Release|x86.Build.0 = Release|Any CPU
		{898966EA-F814-4B7B-9A3D-5E78C38174B2}.Debug|Any CPU.ActiveCfg = Debug|Any CPU
		{898966EA-F814-4B7B-9A3D-5E78C38174B2}.Debug|Any CPU.Build.0 = Debug|Any CPU
		{898966EA-F814-4B7B-9A3D-5E78C38174B2}.Debug|x64.ActiveCfg = Debug|Any CPU
		{898966EA-F814-4B7B-9A3D-5E78C38174B2}.Debug|x64.Build.0 = Debug|Any CPU
		{898966EA-F814-4B7B-9A3D-5E78C38174B2}.Debug|x86.ActiveCfg = Debug|Any CPU
		{898966EA-F814-4B7B-9A3D-5E78C38174B2}.Debug|x86.Build.0 = Debug|Any CPU
		{898966EA-F814-4B7B-9A3D-5E78C38174B2}.Release|Any CPU.ActiveCfg = Release|Any CPU
		{898966EA-F814-4B7B-9A3D-5E78C38174B2}.Release|Any CPU.Build.0 = Release|Any CPU
		{898966EA-F814-4B7B-9A3D-5E78C38174B2}.Release|x64.ActiveCfg = Release|Any CPU
		{898966EA-F814-4B7B-9A3D-5E78C38174B2}.Release|x64.Build.0 = Release|Any CPU
		{898966EA-F814-4B7B-9A3D-5E78C38174B2}.Release|x86.ActiveCfg = Release|Any CPU
		{898966EA-F814-4B7B-9A3D-5E78C38174B2}.Release|x86.Build.0 = Release|Any CPU
		{00333EBA-DB52-4D56-ADF7-940FB533E530}.Debug|Any CPU.ActiveCfg = Debug|Any CPU
		{00333EBA-DB52-4D56-ADF7-940FB533E530}.Debug|Any CPU.Build.0 = Debug|Any CPU
		{00333EBA-DB52-4D56-ADF7-940FB533E530}.Debug|x64.ActiveCfg = Debug|Any CPU
		{00333EBA-DB52-4D56-ADF7-940FB533E530}.Debug|x64.Build.0 = Debug|Any CPU
		{00333EBA-DB52-4D56-ADF7-940FB533E530}.Debug|x86.ActiveCfg = Debug|Any CPU
		{00333EBA-DB52-4D56-ADF7-940FB533E530}.Debug|x86.Build.0 = Debug|Any CPU
		{00333EBA-DB52-4D56-ADF7-940FB533E530}.Release|Any CPU.ActiveCfg = Release|Any CPU
		{00333EBA-DB52-4D56-ADF7-940FB533E530}.Release|Any CPU.Build.0 = Release|Any CPU
		{00333EBA-DB52-4D56-ADF7-940FB533E530}.Release|x64.ActiveCfg = Release|Any CPU
		{00333EBA-DB52-4D56-ADF7-940FB533E530}.Release|x64.Build.0 = Release|Any CPU
		{00333EBA-DB52-4D56-ADF7-940FB533E530}.Release|x86.ActiveCfg = Release|Any CPU
		{00333EBA-DB52-4D56-ADF7-940FB533E530}.Release|x86.Build.0 = Release|Any CPU
		{F4B29B77-9B92-4037-A884-288CA5EF0B78}.Debug|Any CPU.ActiveCfg = Debug|Any CPU
		{F4B29B77-9B92-4037-A884-288CA5EF0B78}.Debug|Any CPU.Build.0 = Debug|Any CPU
		{F4B29B77-9B92-4037-A884-288CA5EF0B78}.Debug|x64.ActiveCfg = Debug|Any CPU
		{F4B29B77-9B92-4037-A884-288CA5EF0B78}.Debug|x64.Build.0 = Debug|Any CPU
		{F4B29B77-9B92-4037-A884-288CA5EF0B78}.Debug|x86.ActiveCfg = Debug|Any CPU
		{F4B29B77-9B92-4037-A884-288CA5EF0B78}.Debug|x86.Build.0 = Debug|Any CPU
		{F4B29B77-9B92-4037-A884-288CA5EF0B78}.Release|Any CPU.ActiveCfg = Release|Any CPU
		{F4B29B77-9B92-4037-A884-288CA5EF0B78}.Release|Any CPU.Build.0 = Release|Any CPU
		{F4B29B77-9B92-4037-A884-288CA5EF0B78}.Release|x64.ActiveCfg = Release|Any CPU
		{F4B29B77-9B92-4037-A884-288CA5EF0B78}.Release|x64.Build.0 = Release|Any CPU
		{F4B29B77-9B92-4037-A884-288CA5EF0B78}.Release|x86.ActiveCfg = Release|Any CPU
		{F4B29B77-9B92-4037-A884-288CA5EF0B78}.Release|x86.Build.0 = Release|Any CPU
		{AEBC7828-7C19-4A86-B6E2-58B5171347B1}.Debug|Any CPU.ActiveCfg = Debug|Any CPU
		{AEBC7828-7C19-4A86-B6E2-58B5171347B1}.Debug|Any CPU.Build.0 = Debug|Any CPU
		{AEBC7828-7C19-4A86-B6E2-58B5171347B1}.Debug|x64.ActiveCfg = Debug|Any CPU
		{AEBC7828-7C19-4A86-B6E2-58B5171347B1}.Debug|x64.Build.0 = Debug|Any CPU
		{AEBC7828-7C19-4A86-B6E2-58B5171347B1}.Debug|x86.ActiveCfg = Debug|Any CPU
		{AEBC7828-7C19-4A86-B6E2-58B5171347B1}.Debug|x86.Build.0 = Debug|Any CPU
		{AEBC7828-7C19-4A86-B6E2-58B5171347B1}.Release|Any CPU.ActiveCfg = Release|Any CPU
		{AEBC7828-7C19-4A86-B6E2-58B5171347B1}.Release|Any CPU.Build.0 = Release|Any CPU
		{AEBC7828-7C19-4A86-B6E2-58B5171347B1}.Release|x64.ActiveCfg = Release|Any CPU
		{AEBC7828-7C19-4A86-B6E2-58B5171347B1}.Release|x64.Build.0 = Release|Any CPU
		{AEBC7828-7C19-4A86-B6E2-58B5171347B1}.Release|x86.ActiveCfg = Release|Any CPU
		{AEBC7828-7C19-4A86-B6E2-58B5171347B1}.Release|x86.Build.0 = Release|Any CPU
		{3EB8C461-C91E-4900-BFBD-0986CBBE87A6}.Debug|Any CPU.ActiveCfg = Debug|Any CPU
		{3EB8C461-C91E-4900-BFBD-0986CBBE87A6}.Debug|Any CPU.Build.0 = Debug|Any CPU
		{3EB8C461-C91E-4900-BFBD-0986CBBE87A6}.Debug|x64.ActiveCfg = Debug|Any CPU
		{3EB8C461-C91E-4900-BFBD-0986CBBE87A6}.Debug|x64.Build.0 = Debug|Any CPU
		{3EB8C461-C91E-4900-BFBD-0986CBBE87A6}.Debug|x86.ActiveCfg = Debug|Any CPU
		{3EB8C461-C91E-4900-BFBD-0986CBBE87A6}.Debug|x86.Build.0 = Debug|Any CPU
		{3EB8C461-C91E-4900-BFBD-0986CBBE87A6}.Release|Any CPU.ActiveCfg = Release|Any CPU
		{3EB8C461-C91E-4900-BFBD-0986CBBE87A6}.Release|Any CPU.Build.0 = Release|Any CPU
		{3EB8C461-C91E-4900-BFBD-0986CBBE87A6}.Release|x64.ActiveCfg = Release|Any CPU
		{3EB8C461-C91E-4900-BFBD-0986CBBE87A6}.Release|x64.Build.0 = Release|Any CPU
		{3EB8C461-C91E-4900-BFBD-0986CBBE87A6}.Release|x86.ActiveCfg = Release|Any CPU
		{3EB8C461-C91E-4900-BFBD-0986CBBE87A6}.Release|x86.Build.0 = Release|Any CPU
		{9B6A778A-A2D6-43A6-9FED-8D5B2BC18514}.Debug|Any CPU.ActiveCfg = Debug|Any CPU
		{9B6A778A-A2D6-43A6-9FED-8D5B2BC18514}.Debug|Any CPU.Build.0 = Debug|Any CPU
		{9B6A778A-A2D6-43A6-9FED-8D5B2BC18514}.Debug|x64.ActiveCfg = Debug|Any CPU
		{9B6A778A-A2D6-43A6-9FED-8D5B2BC18514}.Debug|x64.Build.0 = Debug|Any CPU
		{9B6A778A-A2D6-43A6-9FED-8D5B2BC18514}.Debug|x86.ActiveCfg = Debug|Any CPU
		{9B6A778A-A2D6-43A6-9FED-8D5B2BC18514}.Debug|x86.Build.0 = Debug|Any CPU
		{9B6A778A-A2D6-43A6-9FED-8D5B2BC18514}.Release|Any CPU.ActiveCfg = Release|Any CPU
		{9B6A778A-A2D6-43A6-9FED-8D5B2BC18514}.Release|Any CPU.Build.0 = Release|Any CPU
		{9B6A778A-A2D6-43A6-9FED-8D5B2BC18514}.Release|x64.ActiveCfg = Release|Any CPU
		{9B6A778A-A2D6-43A6-9FED-8D5B2BC18514}.Release|x64.Build.0 = Release|Any CPU
		{9B6A778A-A2D6-43A6-9FED-8D5B2BC18514}.Release|x86.ActiveCfg = Release|Any CPU
		{9B6A778A-A2D6-43A6-9FED-8D5B2BC18514}.Release|x86.Build.0 = Release|Any CPU
		{CF7273C1-A4FE-4598-9C99-D746CE279A32}.Debug|Any CPU.ActiveCfg = Debug|Any CPU
		{CF7273C1-A4FE-4598-9C99-D746CE279A32}.Debug|Any CPU.Build.0 = Debug|Any CPU
		{CF7273C1-A4FE-4598-9C99-D746CE279A32}.Debug|x64.ActiveCfg = Debug|Any CPU
		{CF7273C1-A4FE-4598-9C99-D746CE279A32}.Debug|x64.Build.0 = Debug|Any CPU
		{CF7273C1-A4FE-4598-9C99-D746CE279A32}.Debug|x86.ActiveCfg = Debug|Any CPU
		{CF7273C1-A4FE-4598-9C99-D746CE279A32}.Debug|x86.Build.0 = Debug|Any CPU
		{CF7273C1-A4FE-4598-9C99-D746CE279A32}.Release|Any CPU.ActiveCfg = Release|Any CPU
		{CF7273C1-A4FE-4598-9C99-D746CE279A32}.Release|Any CPU.Build.0 = Release|Any CPU
		{CF7273C1-A4FE-4598-9C99-D746CE279A32}.Release|x64.ActiveCfg = Release|Any CPU
		{CF7273C1-A4FE-4598-9C99-D746CE279A32}.Release|x64.Build.0 = Release|Any CPU
		{CF7273C1-A4FE-4598-9C99-D746CE279A32}.Release|x86.ActiveCfg = Release|Any CPU
		{CF7273C1-A4FE-4598-9C99-D746CE279A32}.Release|x86.Build.0 = Release|Any CPU
		{AE48B790-C3D7-440E-945E-EE5C82AE2A86}.Debug|Any CPU.ActiveCfg = Debug|Any CPU
		{AE48B790-C3D7-440E-945E-EE5C82AE2A86}.Debug|Any CPU.Build.0 = Debug|Any CPU
		{AE48B790-C3D7-440E-945E-EE5C82AE2A86}.Debug|x64.ActiveCfg = Debug|Any CPU
		{AE48B790-C3D7-440E-945E-EE5C82AE2A86}.Debug|x64.Build.0 = Debug|Any CPU
		{AE48B790-C3D7-440E-945E-EE5C82AE2A86}.Debug|x86.ActiveCfg = Debug|Any CPU
		{AE48B790-C3D7-440E-945E-EE5C82AE2A86}.Debug|x86.Build.0 = Debug|Any CPU
		{AE48B790-C3D7-440E-945E-EE5C82AE2A86}.Release|Any CPU.ActiveCfg = Release|Any CPU
		{AE48B790-C3D7-440E-945E-EE5C82AE2A86}.Release|Any CPU.Build.0 = Release|Any CPU
		{AE48B790-C3D7-440E-945E-EE5C82AE2A86}.Release|x64.ActiveCfg = Release|Any CPU
		{AE48B790-C3D7-440E-945E-EE5C82AE2A86}.Release|x64.Build.0 = Release|Any CPU
		{AE48B790-C3D7-440E-945E-EE5C82AE2A86}.Release|x86.ActiveCfg = Release|Any CPU
		{AE48B790-C3D7-440E-945E-EE5C82AE2A86}.Release|x86.Build.0 = Release|Any CPU
	EndGlobalSection
	GlobalSection(SolutionProperties) = preSolution
		HideSolutionNode = FALSE
	EndGlobalSection
	GlobalSection(NestedProjects) = preSolution
		{3C2E37A3-4669-4CF5-9D6C-D68FD2034642} = {1D0125A6-DDC5-43C1-AAD7-7BFE14AD863F}
		{ED06E300-F256-4BD9-B2FF-BBA0FF8C2461} = {1D0125A6-DDC5-43C1-AAD7-7BFE14AD863F}
		{A2F2FDA3-A0E9-4D55-B31A-6C7BBD1800C3} = {1D0125A6-DDC5-43C1-AAD7-7BFE14AD863F}
		{7FC1251D-FCDD-4EE5-8A74-320A3CA71C5D} = {DFF3E7AA-7A50-4A1E-B3F8-EC01531FB83D}
		{BFAE3553-6D94-41CF-8101-FA06C884DC3E} = {DFF3E7AA-7A50-4A1E-B3F8-EC01531FB83D}
		{54EAE8E1-2F84-48F5-B3C1-E9D954651B68} = {A19E5F39-BA51-4B5C-BDF3-7A8F993FA0A4}
		{C4E04655-0E97-493C-800F-FC557796AD5F} = {A19E5F39-BA51-4B5C-BDF3-7A8F993FA0A4}
		{73D479E7-DB0C-47FF-8339-54BBE329F289} = {A19E5F39-BA51-4B5C-BDF3-7A8F993FA0A4}
		{BF89F7AA-3E0C-498F-866E-3242CAB102D8} = {1D0125A6-DDC5-43C1-AAD7-7BFE14AD863F}
		{1711D929-6325-4FC5-A1FA-8417F37AD047} = {A62F78F8-2EF5-49C8-B437-E5FC6321E866}
		{A69C88D8-3B52-4C6B-A664-15C41591251D} = {A62F78F8-2EF5-49C8-B437-E5FC6321E866}
		{5F9E3110-C56F-4069-B4A6-04C1EE73CDEA} = {8F8846B8-BD99-4855-96EA-392E012C4421}
		{DA86C13F-E31D-412E-94E6-B59F4AC0465D} = {A6D03AB9-6C8E-42BE-ACF6-7FA6A1C539C2}
		{966C5143-7667-4E85-B7E3-336F7C28549F} = {8F8846B8-BD99-4855-96EA-392E012C4421}
		{898966EA-F814-4B7B-9A3D-5E78C38174B2} = {E15D4280-7FFC-4F8B-9B8C-CF9AF2BF838C}
		{00333EBA-DB52-4D56-ADF7-940FB533E530} = {DFF3E7AA-7A50-4A1E-B3F8-EC01531FB83D}
		{F4B29B77-9B92-4037-A884-288CA5EF0B78} = {DFF3E7AA-7A50-4A1E-B3F8-EC01531FB83D}
		{3EB8C461-C91E-4900-BFBD-0986CBBE87A6} = {DFF3E7AA-7A50-4A1E-B3F8-EC01531FB83D}
		{AEBC7828-7C19-4A86-B6E2-58B5171347B1} = {E15D4280-7FFC-4F8B-9B8C-CF9AF2BF838C}
		{CF7273C1-A4FE-4598-9C99-D746CE279A32} = {E15D4280-7FFC-4F8B-9B8C-CF9AF2BF838C}
		{AE48B790-C3D7-440E-945E-EE5C82AE2A86} = {A62F78F8-2EF5-49C8-B437-E5FC6321E866}
	EndGlobalSection
	GlobalSection(ExtensibilityGlobals) = postSolution
		SolutionGuid = {7C5FBB7F-654C-4CAC-964F-6D71AF3D62F8}
	EndGlobalSection
EndGlobal
