
Microsoft Visual Studio Solution File, Format Version 12.00
# Visual Studio Version 16
VisualStudioVersion = 16.0.29521.150
MinimumVisualStudioVersion = 15.0.26124.0
Project("{9A19103F-16F7-4668-BE54-9A1E7A4F7556}") = "Service", "src\Service\Service.csproj", "{29A76FB2-5F79-4914-8DFB-D63E6BA0539E}"
EndProject
Project("{9A19103F-16F7-4668-BE54-9A1E7A4F7556}") = "NetDaemon.App", "src\App\NetDaemon.App\NetDaemon.App.csproj", "{A3651DE3-09DE-48E7-8DB4-18D95F60DAC7}"
EndProject
Project("{2150E333-8FDC-42A3-9474-1A3956D46DE8}") = "Daemon", "Daemon", "{42718370-2C75-4708-8C40-DD59D633C96E}"
EndProject
Project("{9A19103F-16F7-4668-BE54-9A1E7A4F7556}") = "NetDaemon.Daemon", "src\Daemon\NetDaemon.Daemon\NetDaemon.Daemon.csproj", "{1DF9E750-9308-4E12-8A48-CAABE68FF30A}"
EndProject
Project("{9A19103F-16F7-4668-BE54-9A1E7A4F7556}") = "NetDaemon.Daemon.Tests", "tests\NetDaemon.Daemon.Tests\NetDaemon.Daemon.Tests.csproj", "{E73BF13E-A17F-4B0B-8504-C2A299B83DEE}"
EndProject
Project("{2150E333-8FDC-42A3-9474-1A3956D46DE8}") = "App", "App", "{53E4E82B-565F-4D91-8C87-52B3C3B74884}"
EndProject
Project("{2150E333-8FDC-42A3-9474-1A3956D46DE8}") = "Service", "Service", "{3BC5043B-C688-4D1D-8FA8-43310325D16D}"
EndProject
Project("{9A19103F-16F7-4668-BE54-9A1E7A4F7556}") = "DaemonRunner", "src\DaemonRunner\DaemonRunner\DaemonRunner.csproj", "{E79D336A-0BA1-4662-A840-CAB24B3145B9}"
	ProjectSection(ProjectDependencies) = postProject
		{1DF9E750-9308-4E12-8A48-CAABE68FF30A} = {1DF9E750-9308-4E12-8A48-CAABE68FF30A}
	EndProjectSection
EndProject
Project("{2150E333-8FDC-42A3-9474-1A3956D46DE8}") = "DaemonRunner", "DaemonRunner", "{A7F8279D-A148-48B8-8492-BDD96CE1E676}"
EndProject
Project("{2150E333-8FDC-42A3-9474-1A3956D46DE8}") = "tests", "tests", "{32E20E48-2F62-447B-83A2-DB2EA7F61AB3}"
EndProject
Project("{FAE04EC0-301F-11D3-BF4B-00C04F79EFBC}") = "NetDaemon.Fakes", "src\Fakes\NetDaemon.Fakes\NetDaemon.Fakes.csproj", "{E1844E4F-2711-4A04-B70C-D67D5D2C8F31}"
EndProject
Project("{FAE04EC0-301F-11D3-BF4B-00C04F79EFBC}") = "NetDaemon.DevelopmentApps", "src\DevelopmentApps\NetDaemon.DevelopmentApps.csproj", "{E33F4CFC-7D80-48C4-B5FE-107E36CD98E4}"
EndProject
Project("{2150E333-8FDC-42A3-9474-1A3956D46DE8}") = "DevelopmentApps", "DevelopmentApps", "{CD3259F6-4CD3-49AA-90D3-3CFEEE0BFF0E}"
EndProject
Project("{2150E333-8FDC-42A3-9474-1A3956D46DE8}") = "Integration", "Integration", "{374E37D9-68D9-4A65-ACBC-C6DC2A7C3076}"
EndProject
Project("{FAE04EC0-301F-11D3-BF4B-00C04F79EFBC}") = "TestClient", "tests\Integration\TestClient\TestClient.csproj", "{CEF690C5-DF76-465D-B571-FBBC85C7F7BB}"
EndProject
Project("{FAE04EC0-301F-11D3-BF4B-00C04F79EFBC}") = "NetDaemon.HassModel", "src\HassModel\NetDeamon.HassModel\NetDaemon.HassModel.csproj", "{3C2E37A3-4669-4CF5-9D6C-D68FD2034642}"
EndProject
Project("{2150E333-8FDC-42A3-9474-1A3956D46DE8}") = "HassModel", "HassModel", "{1D0125A6-DDC5-43C1-AAD7-7BFE14AD863F}"
EndProject
Project("{FAE04EC0-301F-11D3-BF4B-00C04F79EFBC}") = "NetDaemon.HassModel.Tests", "src\HassModel\NetDaemon.HassModel.Tests\NetDaemon.HassModel.Tests.csproj", "{ED06E300-F256-4BD9-B2FF-BBA0FF8C2461}"
EndProject
Project("{FAE04EC0-301F-11D3-BF4B-00C04F79EFBC}") = "NetDaemon.HassModel.CodeGenerator", "src\HassModel\NetDaemon.HassModel.CodeGenerator\NetDaemon.HassModel.CodeGenerator.csproj", "{A2F2FDA3-A0E9-4D55-B31A-6C7BBD1800C3}"
EndProject
Global
	GlobalSection(SolutionConfigurationPlatforms) = preSolution
		Debug|Any CPU = Debug|Any CPU
		Debug|x64 = Debug|x64
		Debug|x86 = Debug|x86
		Release|Any CPU = Release|Any CPU
		Release|x64 = Release|x64
		Release|x86 = Release|x86
	EndGlobalSection
	GlobalSection(ProjectConfigurationPlatforms) = postSolution
		{29A76FB2-5F79-4914-8DFB-D63E6BA0539E}.Debug|Any CPU.ActiveCfg = Debug|Any CPU
		{29A76FB2-5F79-4914-8DFB-D63E6BA0539E}.Debug|Any CPU.Build.0 = Debug|Any CPU
		{29A76FB2-5F79-4914-8DFB-D63E6BA0539E}.Debug|x64.ActiveCfg = Debug|Any CPU
		{29A76FB2-5F79-4914-8DFB-D63E6BA0539E}.Debug|x64.Build.0 = Debug|Any CPU
		{29A76FB2-5F79-4914-8DFB-D63E6BA0539E}.Debug|x86.ActiveCfg = Debug|Any CPU
		{29A76FB2-5F79-4914-8DFB-D63E6BA0539E}.Debug|x86.Build.0 = Debug|Any CPU
		{29A76FB2-5F79-4914-8DFB-D63E6BA0539E}.Release|Any CPU.ActiveCfg = Release|Any CPU
		{29A76FB2-5F79-4914-8DFB-D63E6BA0539E}.Release|Any CPU.Build.0 = Release|Any CPU
		{29A76FB2-5F79-4914-8DFB-D63E6BA0539E}.Release|x64.ActiveCfg = Release|Any CPU
		{29A76FB2-5F79-4914-8DFB-D63E6BA0539E}.Release|x64.Build.0 = Release|Any CPU
		{29A76FB2-5F79-4914-8DFB-D63E6BA0539E}.Release|x86.ActiveCfg = Release|Any CPU
		{29A76FB2-5F79-4914-8DFB-D63E6BA0539E}.Release|x86.Build.0 = Release|Any CPU
		{A3651DE3-09DE-48E7-8DB4-18D95F60DAC7}.Debug|Any CPU.ActiveCfg = Debug|Any CPU
		{A3651DE3-09DE-48E7-8DB4-18D95F60DAC7}.Debug|Any CPU.Build.0 = Debug|Any CPU
		{A3651DE3-09DE-48E7-8DB4-18D95F60DAC7}.Debug|x64.ActiveCfg = Debug|Any CPU
		{A3651DE3-09DE-48E7-8DB4-18D95F60DAC7}.Debug|x64.Build.0 = Debug|Any CPU
		{A3651DE3-09DE-48E7-8DB4-18D95F60DAC7}.Debug|x86.ActiveCfg = Debug|Any CPU
		{A3651DE3-09DE-48E7-8DB4-18D95F60DAC7}.Debug|x86.Build.0 = Debug|Any CPU
		{A3651DE3-09DE-48E7-8DB4-18D95F60DAC7}.Release|Any CPU.ActiveCfg = Release|Any CPU
		{A3651DE3-09DE-48E7-8DB4-18D95F60DAC7}.Release|Any CPU.Build.0 = Release|Any CPU
		{A3651DE3-09DE-48E7-8DB4-18D95F60DAC7}.Release|x64.ActiveCfg = Release|Any CPU
		{A3651DE3-09DE-48E7-8DB4-18D95F60DAC7}.Release|x64.Build.0 = Release|Any CPU
		{A3651DE3-09DE-48E7-8DB4-18D95F60DAC7}.Release|x86.ActiveCfg = Release|Any CPU
		{A3651DE3-09DE-48E7-8DB4-18D95F60DAC7}.Release|x86.Build.0 = Release|Any CPU
		{1DF9E750-9308-4E12-8A48-CAABE68FF30A}.Debug|Any CPU.ActiveCfg = Debug|Any CPU
		{1DF9E750-9308-4E12-8A48-CAABE68FF30A}.Debug|Any CPU.Build.0 = Debug|Any CPU
		{1DF9E750-9308-4E12-8A48-CAABE68FF30A}.Debug|x64.ActiveCfg = Debug|Any CPU
		{1DF9E750-9308-4E12-8A48-CAABE68FF30A}.Debug|x64.Build.0 = Debug|Any CPU
		{1DF9E750-9308-4E12-8A48-CAABE68FF30A}.Debug|x86.ActiveCfg = Debug|Any CPU
		{1DF9E750-9308-4E12-8A48-CAABE68FF30A}.Debug|x86.Build.0 = Debug|Any CPU
		{1DF9E750-9308-4E12-8A48-CAABE68FF30A}.Release|Any CPU.ActiveCfg = Release|Any CPU
		{1DF9E750-9308-4E12-8A48-CAABE68FF30A}.Release|Any CPU.Build.0 = Release|Any CPU
		{1DF9E750-9308-4E12-8A48-CAABE68FF30A}.Release|x64.ActiveCfg = Release|Any CPU
		{1DF9E750-9308-4E12-8A48-CAABE68FF30A}.Release|x64.Build.0 = Release|Any CPU
		{1DF9E750-9308-4E12-8A48-CAABE68FF30A}.Release|x86.ActiveCfg = Release|Any CPU
		{1DF9E750-9308-4E12-8A48-CAABE68FF30A}.Release|x86.Build.0 = Release|Any CPU
		{E73BF13E-A17F-4B0B-8504-C2A299B83DEE}.Debug|Any CPU.ActiveCfg = Debug|Any CPU
		{E73BF13E-A17F-4B0B-8504-C2A299B83DEE}.Debug|Any CPU.Build.0 = Debug|Any CPU
		{E73BF13E-A17F-4B0B-8504-C2A299B83DEE}.Debug|x64.ActiveCfg = Debug|Any CPU
		{E73BF13E-A17F-4B0B-8504-C2A299B83DEE}.Debug|x64.Build.0 = Debug|Any CPU
		{E73BF13E-A17F-4B0B-8504-C2A299B83DEE}.Debug|x86.ActiveCfg = Debug|Any CPU
		{E73BF13E-A17F-4B0B-8504-C2A299B83DEE}.Debug|x86.Build.0 = Debug|Any CPU
		{E73BF13E-A17F-4B0B-8504-C2A299B83DEE}.Release|Any CPU.ActiveCfg = Release|Any CPU
		{E73BF13E-A17F-4B0B-8504-C2A299B83DEE}.Release|Any CPU.Build.0 = Release|Any CPU
		{E73BF13E-A17F-4B0B-8504-C2A299B83DEE}.Release|x64.ActiveCfg = Release|Any CPU
		{E73BF13E-A17F-4B0B-8504-C2A299B83DEE}.Release|x64.Build.0 = Release|Any CPU
		{E73BF13E-A17F-4B0B-8504-C2A299B83DEE}.Release|x86.ActiveCfg = Release|Any CPU
		{E73BF13E-A17F-4B0B-8504-C2A299B83DEE}.Release|x86.Build.0 = Release|Any CPU
		{E79D336A-0BA1-4662-A840-CAB24B3145B9}.Debug|Any CPU.ActiveCfg = Debug|Any CPU
		{E79D336A-0BA1-4662-A840-CAB24B3145B9}.Debug|Any CPU.Build.0 = Debug|Any CPU
		{E79D336A-0BA1-4662-A840-CAB24B3145B9}.Debug|x64.ActiveCfg = Debug|Any CPU
		{E79D336A-0BA1-4662-A840-CAB24B3145B9}.Debug|x64.Build.0 = Debug|Any CPU
		{E79D336A-0BA1-4662-A840-CAB24B3145B9}.Debug|x86.ActiveCfg = Debug|Any CPU
		{E79D336A-0BA1-4662-A840-CAB24B3145B9}.Debug|x86.Build.0 = Debug|Any CPU
		{E79D336A-0BA1-4662-A840-CAB24B3145B9}.Release|Any CPU.ActiveCfg = Release|Any CPU
		{E79D336A-0BA1-4662-A840-CAB24B3145B9}.Release|Any CPU.Build.0 = Release|Any CPU
		{E79D336A-0BA1-4662-A840-CAB24B3145B9}.Release|x64.ActiveCfg = Release|Any CPU
		{E79D336A-0BA1-4662-A840-CAB24B3145B9}.Release|x64.Build.0 = Release|Any CPU
		{E79D336A-0BA1-4662-A840-CAB24B3145B9}.Release|x86.ActiveCfg = Release|Any CPU
		{E79D336A-0BA1-4662-A840-CAB24B3145B9}.Release|x86.Build.0 = Release|Any CPU
		{E1844E4F-2711-4A04-B70C-D67D5D2C8F31}.Debug|Any CPU.ActiveCfg = Debug|Any CPU
		{E1844E4F-2711-4A04-B70C-D67D5D2C8F31}.Debug|Any CPU.Build.0 = Debug|Any CPU
		{E1844E4F-2711-4A04-B70C-D67D5D2C8F31}.Debug|x64.ActiveCfg = Debug|Any CPU
		{E1844E4F-2711-4A04-B70C-D67D5D2C8F31}.Debug|x64.Build.0 = Debug|Any CPU
		{E1844E4F-2711-4A04-B70C-D67D5D2C8F31}.Debug|x86.ActiveCfg = Debug|Any CPU
		{E1844E4F-2711-4A04-B70C-D67D5D2C8F31}.Debug|x86.Build.0 = Debug|Any CPU
		{E1844E4F-2711-4A04-B70C-D67D5D2C8F31}.Release|Any CPU.ActiveCfg = Release|Any CPU
		{E1844E4F-2711-4A04-B70C-D67D5D2C8F31}.Release|Any CPU.Build.0 = Release|Any CPU
		{E1844E4F-2711-4A04-B70C-D67D5D2C8F31}.Release|x64.ActiveCfg = Release|Any CPU
		{E1844E4F-2711-4A04-B70C-D67D5D2C8F31}.Release|x64.Build.0 = Release|Any CPU
		{E1844E4F-2711-4A04-B70C-D67D5D2C8F31}.Release|x86.ActiveCfg = Release|Any CPU
		{E1844E4F-2711-4A04-B70C-D67D5D2C8F31}.Release|x86.Build.0 = Release|Any CPU
		{E33F4CFC-7D80-48C4-B5FE-107E36CD98E4}.Debug|Any CPU.ActiveCfg = Debug|Any CPU
		{E33F4CFC-7D80-48C4-B5FE-107E36CD98E4}.Debug|Any CPU.Build.0 = Debug|Any CPU
		{E33F4CFC-7D80-48C4-B5FE-107E36CD98E4}.Debug|x64.ActiveCfg = Debug|Any CPU
		{E33F4CFC-7D80-48C4-B5FE-107E36CD98E4}.Debug|x64.Build.0 = Debug|Any CPU
		{E33F4CFC-7D80-48C4-B5FE-107E36CD98E4}.Debug|x86.ActiveCfg = Debug|Any CPU
		{E33F4CFC-7D80-48C4-B5FE-107E36CD98E4}.Debug|x86.Build.0 = Debug|Any CPU
		{E33F4CFC-7D80-48C4-B5FE-107E36CD98E4}.Release|Any CPU.ActiveCfg = Release|Any CPU
		{E33F4CFC-7D80-48C4-B5FE-107E36CD98E4}.Release|Any CPU.Build.0 = Release|Any CPU
		{E33F4CFC-7D80-48C4-B5FE-107E36CD98E4}.Release|x64.ActiveCfg = Release|Any CPU
		{E33F4CFC-7D80-48C4-B5FE-107E36CD98E4}.Release|x64.Build.0 = Release|Any CPU
		{E33F4CFC-7D80-48C4-B5FE-107E36CD98E4}.Release|x86.ActiveCfg = Release|Any CPU
		{E33F4CFC-7D80-48C4-B5FE-107E36CD98E4}.Release|x86.Build.0 = Release|Any CPU
		{CEF690C5-DF76-465D-B571-FBBC85C7F7BB}.Debug|Any CPU.ActiveCfg = Debug|Any CPU
		{CEF690C5-DF76-465D-B571-FBBC85C7F7BB}.Debug|Any CPU.Build.0 = Debug|Any CPU
		{CEF690C5-DF76-465D-B571-FBBC85C7F7BB}.Debug|x64.ActiveCfg = Debug|Any CPU
		{CEF690C5-DF76-465D-B571-FBBC85C7F7BB}.Debug|x64.Build.0 = Debug|Any CPU
		{CEF690C5-DF76-465D-B571-FBBC85C7F7BB}.Debug|x86.ActiveCfg = Debug|Any CPU
		{CEF690C5-DF76-465D-B571-FBBC85C7F7BB}.Debug|x86.Build.0 = Debug|Any CPU
		{CEF690C5-DF76-465D-B571-FBBC85C7F7BB}.Release|Any CPU.ActiveCfg = Release|Any CPU
		{CEF690C5-DF76-465D-B571-FBBC85C7F7BB}.Release|Any CPU.Build.0 = Release|Any CPU
		{CEF690C5-DF76-465D-B571-FBBC85C7F7BB}.Release|x64.ActiveCfg = Release|Any CPU
		{CEF690C5-DF76-465D-B571-FBBC85C7F7BB}.Release|x64.Build.0 = Release|Any CPU
		{CEF690C5-DF76-465D-B571-FBBC85C7F7BB}.Release|x86.ActiveCfg = Release|Any CPU
		{CEF690C5-DF76-465D-B571-FBBC85C7F7BB}.Release|x86.Build.0 = Release|Any CPU
		{3C2E37A3-4669-4CF5-9D6C-D68FD2034642}.Debug|Any CPU.ActiveCfg = Debug|Any CPU
		{3C2E37A3-4669-4CF5-9D6C-D68FD2034642}.Debug|Any CPU.Build.0 = Debug|Any CPU
		{3C2E37A3-4669-4CF5-9D6C-D68FD2034642}.Debug|x64.ActiveCfg = Debug|Any CPU
		{3C2E37A3-4669-4CF5-9D6C-D68FD2034642}.Debug|x64.Build.0 = Debug|Any CPU
		{3C2E37A3-4669-4CF5-9D6C-D68FD2034642}.Debug|x86.ActiveCfg = Debug|Any CPU
		{3C2E37A3-4669-4CF5-9D6C-D68FD2034642}.Debug|x86.Build.0 = Debug|Any CPU
		{3C2E37A3-4669-4CF5-9D6C-D68FD2034642}.Release|Any CPU.ActiveCfg = Release|Any CPU
		{3C2E37A3-4669-4CF5-9D6C-D68FD2034642}.Release|Any CPU.Build.0 = Release|Any CPU
		{3C2E37A3-4669-4CF5-9D6C-D68FD2034642}.Release|x64.ActiveCfg = Release|Any CPU
		{3C2E37A3-4669-4CF5-9D6C-D68FD2034642}.Release|x64.Build.0 = Release|Any CPU
		{3C2E37A3-4669-4CF5-9D6C-D68FD2034642}.Release|x86.ActiveCfg = Release|Any CPU
		{3C2E37A3-4669-4CF5-9D6C-D68FD2034642}.Release|x86.Build.0 = Release|Any CPU
		{ED06E300-F256-4BD9-B2FF-BBA0FF8C2461}.Debug|Any CPU.ActiveCfg = Debug|Any CPU
		{ED06E300-F256-4BD9-B2FF-BBA0FF8C2461}.Debug|Any CPU.Build.0 = Debug|Any CPU
		{ED06E300-F256-4BD9-B2FF-BBA0FF8C2461}.Debug|x64.ActiveCfg = Debug|Any CPU
		{ED06E300-F256-4BD9-B2FF-BBA0FF8C2461}.Debug|x64.Build.0 = Debug|Any CPU
		{ED06E300-F256-4BD9-B2FF-BBA0FF8C2461}.Debug|x86.ActiveCfg = Debug|Any CPU
		{ED06E300-F256-4BD9-B2FF-BBA0FF8C2461}.Debug|x86.Build.0 = Debug|Any CPU
		{ED06E300-F256-4BD9-B2FF-BBA0FF8C2461}.Release|Any CPU.ActiveCfg = Release|Any CPU
		{ED06E300-F256-4BD9-B2FF-BBA0FF8C2461}.Release|Any CPU.Build.0 = Release|Any CPU
		{ED06E300-F256-4BD9-B2FF-BBA0FF8C2461}.Release|x64.ActiveCfg = Release|Any CPU
		{ED06E300-F256-4BD9-B2FF-BBA0FF8C2461}.Release|x64.Build.0 = Release|Any CPU
		{ED06E300-F256-4BD9-B2FF-BBA0FF8C2461}.Release|x86.ActiveCfg = Release|Any CPU
		{ED06E300-F256-4BD9-B2FF-BBA0FF8C2461}.Release|x86.Build.0 = Release|Any CPU
		{A2F2FDA3-A0E9-4D55-B31A-6C7BBD1800C3}.Debug|Any CPU.ActiveCfg = Debug|Any CPU
		{A2F2FDA3-A0E9-4D55-B31A-6C7BBD1800C3}.Debug|Any CPU.Build.0 = Debug|Any CPU
		{A2F2FDA3-A0E9-4D55-B31A-6C7BBD1800C3}.Debug|x64.ActiveCfg = Debug|Any CPU
		{A2F2FDA3-A0E9-4D55-B31A-6C7BBD1800C3}.Debug|x64.Build.0 = Debug|Any CPU
		{A2F2FDA3-A0E9-4D55-B31A-6C7BBD1800C3}.Debug|x86.ActiveCfg = Debug|Any CPU
		{A2F2FDA3-A0E9-4D55-B31A-6C7BBD1800C3}.Debug|x86.Build.0 = Debug|Any CPU
		{A2F2FDA3-A0E9-4D55-B31A-6C7BBD1800C3}.Release|Any CPU.ActiveCfg = Release|Any CPU
		{A2F2FDA3-A0E9-4D55-B31A-6C7BBD1800C3}.Release|Any CPU.Build.0 = Release|Any CPU
		{A2F2FDA3-A0E9-4D55-B31A-6C7BBD1800C3}.Release|x64.ActiveCfg = Release|Any CPU
		{A2F2FDA3-A0E9-4D55-B31A-6C7BBD1800C3}.Release|x64.Build.0 = Release|Any CPU
		{A2F2FDA3-A0E9-4D55-B31A-6C7BBD1800C3}.Release|x86.ActiveCfg = Release|Any CPU
		{A2F2FDA3-A0E9-4D55-B31A-6C7BBD1800C3}.Release|x86.Build.0 = Release|Any CPU
	EndGlobalSection
	GlobalSection(SolutionProperties) = preSolution
		HideSolutionNode = FALSE
	EndGlobalSection
	GlobalSection(NestedProjects) = preSolution
		{29A76FB2-5F79-4914-8DFB-D63E6BA0539E} = {3BC5043B-C688-4D1D-8FA8-43310325D16D}
		{A3651DE3-09DE-48E7-8DB4-18D95F60DAC7} = {53E4E82B-565F-4D91-8C87-52B3C3B74884}
		{1DF9E750-9308-4E12-8A48-CAABE68FF30A} = {42718370-2C75-4708-8C40-DD59D633C96E}
		{E73BF13E-A17F-4B0B-8504-C2A299B83DEE} = {42718370-2C75-4708-8C40-DD59D633C96E}
		{E79D336A-0BA1-4662-A840-CAB24B3145B9} = {A7F8279D-A148-48B8-8492-BDD96CE1E676}
		{E1844E4F-2711-4A04-B70C-D67D5D2C8F31} = {32E20E48-2F62-447B-83A2-DB2EA7F61AB3}
		{E33F4CFC-7D80-48C4-B5FE-107E36CD98E4} = {CD3259F6-4CD3-49AA-90D3-3CFEEE0BFF0E}
		{374E37D9-68D9-4A65-ACBC-C6DC2A7C3076} = {32E20E48-2F62-447B-83A2-DB2EA7F61AB3}
		{CEF690C5-DF76-465D-B571-FBBC85C7F7BB} = {374E37D9-68D9-4A65-ACBC-C6DC2A7C3076}
		{3C2E37A3-4669-4CF5-9D6C-D68FD2034642} = {1D0125A6-DDC5-43C1-AAD7-7BFE14AD863F}
		{ED06E300-F256-4BD9-B2FF-BBA0FF8C2461} = {1D0125A6-DDC5-43C1-AAD7-7BFE14AD863F}
		{A2F2FDA3-A0E9-4D55-B31A-6C7BBD1800C3} = {1D0125A6-DDC5-43C1-AAD7-7BFE14AD863F}
	EndGlobalSection
	GlobalSection(ExtensibilityGlobals) = postSolution
		SolutionGuid = {7C5FBB7F-654C-4CAC-964F-6D71AF3D62F8}
	EndGlobalSection
EndGlobal
